
Microsoft Visual Studio Solution File, Format Version 12.00
# Visual Studio Version 17
VisualStudioVersion = 17.0.31903.59
MinimumVisualStudioVersion = 10.0.40219.1
Project("{2150E333-8FDC-42A3-9474-1A3956D46DE8}") = "src", "src", "{2D46C28C-20BE-49BF-8F23-963DFEC7BCCA}"
EndProject
Project("{9A19103F-16F7-4668-BE54-9A1E7A4F7556}") = "Jgcarmona.Qna.Domain", "src\Jgcarmona.Qna.Domain\Jgcarmona.Qna.Domain.csproj", "{67B6BB9A-8E5D-409A-9A68-88DD650708C4}"
EndProject
Project("{2150E333-8FDC-42A3-9474-1A3956D46DE8}") = "tests", "tests", "{303C92F4-CC00-4F55-817E-974BC6AAA5CA}"
EndProject
Project("{9A19103F-16F7-4668-BE54-9A1E7A4F7556}") = "Jgcarmona.Qna.Architecture.Tests", "src\tests\Jgcarmona.Qna.Architecture.Tests\Jgcarmona.Qna.Architecture.Tests.csproj", "{BEB7F360-843D-4F4D-88E4-8409C7C2CFBB}"
EndProject
Project("{2150E333-8FDC-42A3-9474-1A3956D46DE8}") = "scripts", "scripts", "{796BBCE8-482C-47AF-A8F7-715698AF7CA4}"
	ProjectSection(SolutionItems) = preProject
		scripts\deploy-azure.sh = scripts\deploy-azure.sh
		scripts\start-local.sh = scripts\start-local.sh
		scripts\stop-local.sh = scripts\stop-local.sh
	EndProjectSection
EndProject
Project("{9A19103F-16F7-4668-BE54-9A1E7A4F7556}") = "Jgcarmona.Qna.Services.SyncService", "src\Jgcarmona.Qna.Services.SyncService\Jgcarmona.Qna.Services.SyncService.csproj", "{E92DD5E4-8A6F-48B5-BBDF-F9E785EB8747}"
EndProject
Project("{E53339B2-1760-4266-BCC7-CA923CBCF16C}") = "docker-compose", "docker-compose.dcproj", "{3A8CD0E1-C185-433E-ADD7-6FCF82189A12}"
EndProject
Project("{9A19103F-16F7-4668-BE54-9A1E7A4F7556}") = "Jgcarmona.Qna.Services.StatsService", "src\Jgcarmona.Qna.Services.StatsService\Jgcarmona.Qna.Services.StatsService.csproj", "{6788C0BF-88E5-48C2-ACCC-82EB45E8DC68}"
EndProject
Project("{9A19103F-16F7-4668-BE54-9A1E7A4F7556}") = "Jgcarmona.Qna.Api", "src\Jgcarmona.Qna.Api\Jgcarmona.Qna.Api.csproj", "{BEDEFA47-FF83-4FB8-9331-537E36AADE6D}"
EndProject
Project("{9A19103F-16F7-4668-BE54-9A1E7A4F7556}") = "Jgcarmona.Qna.Common", "src\Jgcarmona.Qna.Common\Jgcarmona.Qna.Common.csproj", "{14F12205-2E15-44D2-81E5-C4D9B0ECE97D}"
EndProject
Project("{FAE04EC0-301F-11D3-BF4B-00C04F79EFBC}") = "Jgcarmona.Qna.Infrastructure", "src\Jgcarmona.Qna.Infrastructure\Jgcarmona.Qna.Infrastructure.csproj", "{1E174B87-8F84-4252-A075-952C33990C4D}"
EndProject
Project("{9A19103F-16F7-4668-BE54-9A1E7A4F7556}") = "Jgcarmona.Qna.Application", "src\Jgcarmona.Qna.Application\Jgcarmona.Qna.Application.csproj", "{E6ECF4A6-B470-405B-8980-B75825F432D2}"
EndProject
Project("{FAE04EC0-301F-11D3-BF4B-00C04F79EFBC}") = "Jgcarmona.Qna.Application.Tests", "src\tests\Jgcarmona.Qna.Application.Tests\Jgcarmona.Qna.Application.Tests.csproj", "{5ECE85D8-3359-4D2C-84F6-83A94579AD99}"
EndProject
Global
	GlobalSection(SolutionConfigurationPlatforms) = preSolution
		Debug|Any CPU = Debug|Any CPU
		Release|Any CPU = Release|Any CPU
	EndGlobalSection
	GlobalSection(ProjectConfigurationPlatforms) = postSolution
		{67B6BB9A-8E5D-409A-9A68-88DD650708C4}.Debug|Any CPU.ActiveCfg = Debug|Any CPU
		{67B6BB9A-8E5D-409A-9A68-88DD650708C4}.Debug|Any CPU.Build.0 = Debug|Any CPU
		{67B6BB9A-8E5D-409A-9A68-88DD650708C4}.Release|Any CPU.ActiveCfg = Release|Any CPU
		{67B6BB9A-8E5D-409A-9A68-88DD650708C4}.Release|Any CPU.Build.0 = Release|Any CPU
		{BEB7F360-843D-4F4D-88E4-8409C7C2CFBB}.Debug|Any CPU.ActiveCfg = Debug|Any CPU
		{BEB7F360-843D-4F4D-88E4-8409C7C2CFBB}.Debug|Any CPU.Build.0 = Debug|Any CPU
		{BEB7F360-843D-4F4D-88E4-8409C7C2CFBB}.Release|Any CPU.ActiveCfg = Release|Any CPU
		{BEB7F360-843D-4F4D-88E4-8409C7C2CFBB}.Release|Any CPU.Build.0 = Release|Any CPU
		{E92DD5E4-8A6F-48B5-BBDF-F9E785EB8747}.Debug|Any CPU.ActiveCfg = Debug|Any CPU
		{E92DD5E4-8A6F-48B5-BBDF-F9E785EB8747}.Debug|Any CPU.Build.0 = Debug|Any CPU
		{E92DD5E4-8A6F-48B5-BBDF-F9E785EB8747}.Release|Any CPU.ActiveCfg = Release|Any CPU
		{E92DD5E4-8A6F-48B5-BBDF-F9E785EB8747}.Release|Any CPU.Build.0 = Release|Any CPU
		{3A8CD0E1-C185-433E-ADD7-6FCF82189A12}.Debug|Any CPU.ActiveCfg = Debug|Any CPU
		{3A8CD0E1-C185-433E-ADD7-6FCF82189A12}.Debug|Any CPU.Build.0 = Debug|Any CPU
		{3A8CD0E1-C185-433E-ADD7-6FCF82189A12}.Release|Any CPU.ActiveCfg = Release|Any CPU
		{3A8CD0E1-C185-433E-ADD7-6FCF82189A12}.Release|Any CPU.Build.0 = Release|Any CPU
		{6788C0BF-88E5-48C2-ACCC-82EB45E8DC68}.Debug|Any CPU.ActiveCfg = Debug|Any CPU
		{6788C0BF-88E5-48C2-ACCC-82EB45E8DC68}.Debug|Any CPU.Build.0 = Debug|Any CPU
		{6788C0BF-88E5-48C2-ACCC-82EB45E8DC68}.Release|Any CPU.ActiveCfg = Release|Any CPU
		{6788C0BF-88E5-48C2-ACCC-82EB45E8DC68}.Release|Any CPU.Build.0 = Release|Any CPU
		{BEDEFA47-FF83-4FB8-9331-537E36AADE6D}.Debug|Any CPU.ActiveCfg = Debug|Any CPU
		{BEDEFA47-FF83-4FB8-9331-537E36AADE6D}.Debug|Any CPU.Build.0 = Debug|Any CPU
		{BEDEFA47-FF83-4FB8-9331-537E36AADE6D}.Release|Any CPU.ActiveCfg = Release|Any CPU
		{BEDEFA47-FF83-4FB8-9331-537E36AADE6D}.Release|Any CPU.Build.0 = Release|Any CPU
		{14F12205-2E15-44D2-81E5-C4D9B0ECE97D}.Debug|Any CPU.ActiveCfg = Debug|Any CPU
		{14F12205-2E15-44D2-81E5-C4D9B0ECE97D}.Debug|Any CPU.Build.0 = Debug|Any CPU
		{14F12205-2E15-44D2-81E5-C4D9B0ECE97D}.Release|Any CPU.ActiveCfg = Release|Any CPU
		{14F12205-2E15-44D2-81E5-C4D9B0ECE97D}.Release|Any CPU.Build.0 = Release|Any CPU
		{1E174B87-8F84-4252-A075-952C33990C4D}.Debug|Any CPU.ActiveCfg = Debug|Any CPU
		{1E174B87-8F84-4252-A075-952C33990C4D}.Debug|Any CPU.Build.0 = Debug|Any CPU
		{1E174B87-8F84-4252-A075-952C33990C4D}.Release|Any CPU.ActiveCfg = Release|Any CPU
		{1E174B87-8F84-4252-A075-952C33990C4D}.Release|Any CPU.Build.0 = Release|Any CPU
		{E6ECF4A6-B470-405B-8980-B75825F432D2}.Debug|Any CPU.ActiveCfg = Debug|Any CPU
		{E6ECF4A6-B470-405B-8980-B75825F432D2}.Debug|Any CPU.Build.0 = Debug|Any CPU
		{E6ECF4A6-B470-405B-8980-B75825F432D2}.Release|Any CPU.ActiveCfg = Release|Any CPU
		{E6ECF4A6-B470-405B-8980-B75825F432D2}.Release|Any CPU.Build.0 = Release|Any CPU
		{5ECE85D8-3359-4D2C-84F6-83A94579AD99}.Debug|Any CPU.ActiveCfg = Debug|Any CPU
		{5ECE85D8-3359-4D2C-84F6-83A94579AD99}.Debug|Any CPU.Build.0 = Debug|Any CPU
		{5ECE85D8-3359-4D2C-84F6-83A94579AD99}.Release|Any CPU.ActiveCfg = Release|Any CPU
		{5ECE85D8-3359-4D2C-84F6-83A94579AD99}.Release|Any CPU.Build.0 = Release|Any CPU
	EndGlobalSection
	GlobalSection(SolutionProperties) = preSolution
		HideSolutionNode = FALSE
	EndGlobalSection
	GlobalSection(NestedProjects) = preSolution
		{67B6BB9A-8E5D-409A-9A68-88DD650708C4} = {2D46C28C-20BE-49BF-8F23-963DFEC7BCCA}
		{303C92F4-CC00-4F55-817E-974BC6AAA5CA} = {2D46C28C-20BE-49BF-8F23-963DFEC7BCCA}
		{BEB7F360-843D-4F4D-88E4-8409C7C2CFBB} = {303C92F4-CC00-4F55-817E-974BC6AAA5CA}
		{E92DD5E4-8A6F-48B5-BBDF-F9E785EB8747} = {2D46C28C-20BE-49BF-8F23-963DFEC7BCCA}
		{6788C0BF-88E5-48C2-ACCC-82EB45E8DC68} = {2D46C28C-20BE-49BF-8F23-963DFEC7BCCA}
		{BEDEFA47-FF83-4FB8-9331-537E36AADE6D} = {2D46C28C-20BE-49BF-8F23-963DFEC7BCCA}
		{14F12205-2E15-44D2-81E5-C4D9B0ECE97D} = {2D46C28C-20BE-49BF-8F23-963DFEC7BCCA}
		{1E174B87-8F84-4252-A075-952C33990C4D} = {2D46C28C-20BE-49BF-8F23-963DFEC7BCCA}
		{E6ECF4A6-B470-405B-8980-B75825F432D2} = {2D46C28C-20BE-49BF-8F23-963DFEC7BCCA}
		{5ECE85D8-3359-4D2C-84F6-83A94579AD99} = {303C92F4-CC00-4F55-817E-974BC6AAA5CA}
	EndGlobalSection
	GlobalSection(ExtensibilityGlobals) = postSolution
		SolutionGuid = {A58A6346-C7B6-42A5-8229-00D1025D28F2}
	EndGlobalSection
EndGlobal
